
Microsoft Visual Studio Solution File, Format Version 12.00
# Visual Studio Version 17
VisualStudioVersion = 17.5.002.0
MinimumVisualStudioVersion = 10.0.40219.1
Project("{9A19103F-16F7-4668-BE54-9A1E7A4F7556}") = "test", "test.csproj", "{EBBF1A46-93ED-45B8-B7D2-A1352034B88F}"
EndProject
Project("{FAE04EC0-301F-11D3-BF4B-00C04F79EFBC}") = "Models", "Models\Models.csproj", "{993D5FF7-B857-430C-82F2-B9A28CC9BEF0}"
EndProject
Global
	GlobalSection(SolutionConfigurationPlatforms) = preSolution
		Debug|Any CPU = Debug|Any CPU
		Release|Any CPU = Release|Any CPU
	EndGlobalSection
	GlobalSection(ProjectConfigurationPlatforms) = postSolution
		{EBBF1A46-93ED-45B8-B7D2-A1352034B88F}.Debug|Any CPU.ActiveCfg = Debug|Any CPU
		{EBBF1A46-93ED-45B8-B7D2-A1352034B88F}.Debug|Any CPU.Build.0 = Debug|Any CPU
		{EBBF1A46-93ED-45B8-B7D2-A1352034B88F}.Release|Any CPU.ActiveCfg = Release|Any CPU
		{EBBF1A46-93ED-45B8-B7D2-A1352034B88F}.Release|Any CPU.Build.0 = Release|Any CPU
		{993D5FF7-B857-430C-82F2-B9A28CC9BEF0}.Debug|Any CPU.ActiveCfg = Debug|Any CPU
		{993D5FF7-B857-430C-82F2-B9A28CC9BEF0}.Debug|Any CPU.Build.0 = Debug|Any CPU
		{993D5FF7-B857-430C-82F2-B9A28CC9BEF0}.Release|Any CPU.ActiveCfg = Release|Any CPU
		{993D5FF7-B857-430C-82F2-B9A28CC9BEF0}.Release|Any CPU.Build.0 = Release|Any CPU
	EndGlobalSection
	GlobalSection(SolutionProperties) = preSolution
		HideSolutionNode = FALSE
	EndGlobalSection
	GlobalSection(ExtensibilityGlobals) = postSolution
		SolutionGuid = {FABAE67C-151B-45AD-A615-B58555A321ED}
	EndGlobalSection
EndGlobal
